// !$*UTF8*$!
{
	archiveVersion = 1;
	classes = {
	};
	objectVersion = 39;
	objects = {
		080E96DDFE201D6D7F000001 = {
			children = (
				D1AF73E0084D02E400D50883,
				D1B4CD9408316D5900A444E1,
				D1B4CC21082F4E0E00A444E1,
				D1A02A6C081E40360018BD11,
				D1A02899081CBED70018BD11,
				D163333C07A01A8B003FD9C0,
			);
			isa = PBXGroup;
			name = Classes;
			refType = 4;
			sourceTree = "<group>";
		};
		089C165CFE840E0CC02AAC07 = {
			children = (
				089C165DFE840E0CC02AAC07,
			);
			isa = PBXVariantGroup;
			name = InfoPlist.strings;
			path = "";
			refType = 4;
			sourceTree = "<group>";
		};
		089C165DFE840E0CC02AAC07 = {
			fileEncoding = 10;
			isa = PBXFileReference;
			lastKnownFileType = text.plist.strings;
			name = English;
			path = English.lproj/InfoPlist.strings;
			refType = 4;
			sourceTree = "<group>";
		};
//080
//081
//082
//083
//084
//100
//101
//102
//103
//104
		1058C7A0FEA54F0111CA2CBB = {
			children = (
				D10AFF7D07B387B300BBC8EA,
				D1CE4B75083CE0FC00B66B5D,
				D16337BD07A4DF5A003FD9C0,
				1058C7A1FEA54F0111CA2CBB,
				D16333ED07A020FF003FD9C0,
				D16333E007A020D9003FD9C0,
				D16333E107A020D9003FD9C0,
			);
			isa = PBXGroup;
			name = "Linked Frameworks";
			refType = 4;
			sourceTree = "<group>";
		};
		1058C7A1FEA54F0111CA2CBB = {
			isa = PBXFileReference;
			lastKnownFileType = wrapper.framework;
			name = Cocoa.framework;
			path = /System/Library/Frameworks/Cocoa.framework;
			refType = 0;
			sourceTree = "<absolute>";
		};
		1058C7A2FEA54F0111CA2CBB = {
			children = (
				29B97325FDCFA39411CA2CEA,
				29B97324FDCFA39411CA2CEA,
			);
			isa = PBXGroup;
			name = "Other Frameworks";
			refType = 4;
			sourceTree = "<group>";
		};
//100
//101
//102
//103
//104
//190
//191
//192
//193
//194
		19C28FACFE9D520D11CA2CBB = {
			children = (
				8D1107320486CEB800E47090,
			);
			isa = PBXGroup;
			name = Products;
			refType = 4;
			sourceTree = "<group>";
		};
//190
//191
//192
//193
//194
//290
//291
//292
//293
//294
		29B97313FDCFA39411CA2CEA = {
			buildSettings = {
			};
			buildStyles = (
				4A9504CCFFE6A4B311CA0CBA,
				4A9504CDFFE6A4B311CA0CBA,
			);
			hasScannedForEncodings = 1;
			isa = PBXProject;
			mainGroup = 29B97314FDCFA39411CA2CEA;
			projectDirPath = "";
			targets = (
				8D1107260486CEB800E47090,
			);
		};
		29B97314FDCFA39411CA2CEA = {
			children = (
				080E96DDFE201D6D7F000001,
				29B97315FDCFA39411CA2CEA,
				29B97317FDCFA39411CA2CEA,
				29B97323FDCFA39411CA2CEA,
				19C28FACFE9D520D11CA2CBB,
			);
			isa = PBXGroup;
			name = XMeeting;
			path = "";
			refType = 4;
			sourceTree = "<group>";
		};
		29B97315FDCFA39411CA2CEA = {
			children = (
				32CA4F630368D1EE00C91783,
				29B97316FDCFA39411CA2CEA,
			);
			isa = PBXGroup;
			name = "Other Sources";
			path = "";
			refType = 4;
			sourceTree = "<group>";
		};
		29B97316FDCFA39411CA2CEA = {
			fileEncoding = 4;
			isa = PBXFileReference;
			lastKnownFileType = sourcecode.c.objc;
			path = main.m;
			refType = 4;
			sourceTree = "<group>";
		};
		29B97317FDCFA39411CA2CEA = {
			children = (
				D1EB1897084379C5002CEF53,
				D1EB1894084379B5002CEF53,
				D1EB189A084379CE002CEF53,
			);
			isa = PBXGroup;
			name = Resources;
			path = "";
			refType = 4;
			sourceTree = "<group>";
		};
		29B97318FDCFA39411CA2CEA = {
			children = (
				29B97319FDCFA39411CA2CEA,
			);
			isa = PBXVariantGroup;
			name = MainMenu.nib;
			path = "";
			refType = 4;
			sourceTree = "<group>";
		};
		29B97319FDCFA39411CA2CEA = {
			isa = PBXFileReference;
			lastKnownFileType = wrapper.nib;
			name = English;
			path = English.lproj/MainMenu.nib;
			refType = 4;
			sourceTree = "<group>";
		};
		29B97323FDCFA39411CA2CEA = {
			children = (
				D16337A707A4DDDF003FD9C0,
				1058C7A0FEA54F0111CA2CBB,
				1058C7A2FEA54F0111CA2CBB,
			);
			isa = PBXGroup;
			name = Frameworks;
			path = "";
			refType = 4;
			sourceTree = "<group>";
		};
		29B97324FDCFA39411CA2CEA = {
			isa = PBXFileReference;
			lastKnownFileType = wrapper.framework;
			name = AppKit.framework;
			path = /System/Library/Frameworks/AppKit.framework;
			refType = 0;
			sourceTree = "<absolute>";
		};
		29B97325FDCFA39411CA2CEA = {
			isa = PBXFileReference;
			lastKnownFileType = wrapper.framework;
			name = Foundation.framework;
			path = /System/Library/Frameworks/Foundation.framework;
			refType = 0;
			sourceTree = "<absolute>";
		};
//290
//291
//292
//293
//294
//320
//321
//322
//323
//324
		32CA4F630368D1EE00C91783 = {
			fileEncoding = 4;
			isa = PBXFileReference;
			lastKnownFileType = sourcecode.c.h;
			path = XMeeting_Prefix.pch;
			refType = 4;
			sourceTree = "<group>";
		};
//320
//321
//322
//323
//324
//4A0
//4A1
//4A2
//4A3
//4A4
		4A9504CCFFE6A4B311CA0CBA = {
			buildSettings = {
				COPY_PHASE_STRIP = NO;
				GCC_DYNAMIC_NO_PIC = NO;
				GCC_ENABLE_FIX_AND_CONTINUE = NO;
				GCC_ENABLE_OBJC_EXCEPTIONS = YES;
				GCC_ENABLE_PASCAL_STRINGS = NO;
				GCC_GENERATE_DEBUGGING_SYMBOLS = YES;
				GCC_OPTIMIZATION_LEVEL = 0;
				GCC_WARN_EFFECTIVE_CPLUSPLUS_VIOLATIONS = NO;
				GCC_WARN_NON_VIRTUAL_DESTRUCTOR = YES;
				GCC_WARN_UNUSED_VALUE = NO;
				PREBINDING = NO;
				ZERO_LINK = NO;
			};
			isa = PBXBuildStyle;
			name = Development;
		};
		4A9504CDFFE6A4B311CA0CBA = {
			buildSettings = {
				COPY_PHASE_STRIP = YES;
				GCC_ENABLE_FIX_AND_CONTINUE = NO;
				ZERO_LINK = NO;
			};
			isa = PBXBuildStyle;
			name = Deployment;
		};
//4A0
//4A1
//4A2
//4A3
//4A4
//8D0
//8D1
//8D2
//8D3
//8D4
		8D1107260486CEB800E47090 = {
			buildPhases = (
				8D1107290486CEB800E47090,
				8D11072C0486CEB800E47090,
				8D11072E0486CEB800E47090,
			);
			buildRules = (
				D163335407A01B47003FD9C0,
			);
			buildSettings = {
				COPY_PHASE_STRIP = NO;
				GCC_CW_ASM_SYNTAX = NO;
				GCC_ENABLE_CPP_EXCEPTIONS = NO;
				GCC_ENABLE_CPP_RTTI = YES;
				GCC_ENABLE_OBJC_EXCEPTIONS = YES;
				GCC_GENERATE_DEBUGGING_SYMBOLS = NO;
				GCC_PRECOMPILE_PREFIX_HEADER = YES;
				GCC_PREFIX_HEADER = XMeeting_Prefix.pch;
				GCC_WARN_ABOUT_MISSING_PROTOTYPES = NO;
				GCC_WARN_CHECK_SWITCH_STATEMENTS = YES;
				GCC_WARN_EFFECTIVE_CPLUSPLUS_VIOLATIONS = NO;
				GCC_WARN_HIDDEN_VIRTUAL_FUNCTIONS = NO;
				GCC_WARN_INITIALIZER_NOT_FULLY_BRACKETED = NO;
				GCC_WARN_MISSING_PARENTHESES = YES;
				GCC_WARN_TYPECHECK_CALLS_TO_PRINTF = YES;
				GCC_WARN_UNKNOWN_PRAGMAS = YES;
				GCC_WARN_UNUSED_FUNCTION = NO;
				GCC_WARN_UNUSED_LABEL = NO;
				GCC_WARN_UNUSED_PARAMETER = NO;
				GCC_WARN_UNUSED_VALUE = NO;
				GCC_WARN_UNUSED_VARIABLE = NO;
				HEADER_SEARCH_PATHS = "$(HOME)/pwlib/include $(HOME)/opal/include";
				INFOPLIST_FILE = Info.plist;
				INSTALL_PATH = "$(HOME)/Applications";
				LIBRARY_SEARCH_PATHS = "\"$(HOME)/pwlib/lib\" \"$(HOME)/opal/lib\" /Users/hannes/pwlib/lib /Users/hannes/opal/lib";
				PREBINDING = NO;
				PRODUCT_NAME = XMeeting;
				WARNING_CFLAGS = "-Wno-long-double";
				WRAPPER_EXTENSION = app;
			};
			dependencies = (
			);
			isa = PBXNativeTarget;
			name = XMeeting;
			productInstallPath = "$(HOME)/Applications";
			productName = XMeeting;
			productReference = 8D1107320486CEB800E47090;
			productType = "com.apple.product-type.application";
		};
		8D1107290486CEB800E47090 = {
			buildActionMask = 2147483647;
			files = (
				8D11072A0486CEB800E47090,
				8D11072B0486CEB800E47090,
				D163336507A01BD5003FD9C0,
				D16334CB07A1C036003FD9C0,
				D163350B07A1C576003FD9C0,
				D163365007A456C4003FD9C0,
				D163381D07A4E739003FD9C0,
				D163382D07A4E7BC003FD9C0,
				D1D63D3707AA9A8800F1FB74,
				D1D63D3F07AA9A9F00F1FB74,
				D1D63D4507AA9B2B00F1FB74,
				D114919307ACEE1E005BDCCB,
				D18BF5F207AFA006000CF993,
				D18BF63E07AFA98F000CF993,
				D1FE29CF07AFF4FB004337C9,
				D1342CC207B0C1460012B578,
				D166CD6607B2312300BC27A6,
				D10AFE9607B3771F00BBC8EA,
				D10AFEB407B3781700BBC8EA,
				D177D7A107B62C9500BD0172,
				D1DE52EF07C6474100343A8D,
				D1A02881081CBCC00018BD11,
				D1A02895081CBED00018BD11,
				D1A02923081CD0700018BD11,
				D1A02A77081E40580018BD11,
				D1A02AB8081E4B8C0018BD11,
				D1A02ADD081E56DB0018BD11,
				D1A02AED081E57040018BD11,
				D1A02B26081E96D30018BD11,
				D189803E082411AC007CD286,
				D189805308241F11007CD286,
				D1B4CC2A082F4E6800A444E1,
				D1B4CC9A082F594C00A444E1,
				D1B4CCA5082F5BA100A444E1,
				D1B4CD9908316DF100A444E1,
				D1B4CFD60833911600A444E1,
				D1B4D0070833937200A444E1,
				D1ECCBF30833DDAD008EBAE3,
				D1ECCBF80833DDD5008EBAE3,
				D1ECCD0408348C4E008EBAE3,
				D1ECCD180834911C008EBAE3,
				D1ECCD30083491EB008EBAE3,
				D1ECCD350834923D008EBAE3,
				D1ECCD3B08349255008EBAE3,
				D1CE4B69083CDF3900B66B5D,
				D1639417083E17A500F7FD83,
				D163945F083E19E300F7FD83,
				D16394C3083E23D600F7FD83,
				D1EB18AD08437A26002CEF53,
				D1EB18BA0843D6B6002CEF53,
				D1EB18E00843D90D002CEF53,
				D1EB18E40843DB92002CEF53,
				D1EB18EA0843DCC2002CEF53,
				D1EB18F00843DEC9002CEF53,
				D1EB19360843E47F002CEF53,
				D1152F74084C61730057CA9D,
			);
			isa = PBXResourcesBuildPhase;
			runOnlyForDeploymentPostprocessing = 0;
		};
		8D11072A0486CEB800E47090 = {
			fileRef = 29B97318FDCFA39411CA2CEA;
			isa = PBXBuildFile;
			settings = {
			};
		};
		8D11072B0486CEB800E47090 = {
			fileRef = 089C165CFE840E0CC02AAC07;
			isa = PBXBuildFile;
			settings = {
			};
		};
		8D11072C0486CEB800E47090 = {
			buildActionMask = 2147483647;
			files = (
				8D11072D0486CEB800E47090,
				D163336607A01BD5003FD9C0,
				D16334CC07A1C036003FD9C0,
				D163350C07A1C576003FD9C0,
				D163365107A456C4003FD9C0,
				D163381E07A4E739003FD9C0,
				D1D63D3807AA9A8800F1FB74,
				D1D63D4007AA9A9F00F1FB74,
				D1D63D4607AA9B2B00F1FB74,
				D114919407ACEE1E005BDCCB,
				D18BF5F307AFA007000CF993,
				D18BF63F07AFA98F000CF993,
				D1342CC307B0C1460012B578,
				D166CD6707B2312300BC27A6,
				D10AFE9707B3771F00BBC8EA,
				D10AFEB507B3781700BBC8EA,
				D177D7A207B62C9500BD0172,
				D1DE52F007C6474100343A8D,
				D1A02882081CBCC00018BD11,
				D1A02896081CBED00018BD11,
				D1A02A78081E40580018BD11,
				D1A02ADE081E56DB0018BD11,
				D1A02AEE081E57040018BD11,
				D189805408241F11007CD286,
				D1B4CC2B082F4E6800A444E1,
				D1B4CD9A08316DF100A444E1,
				D1B4CFD70833911600A444E1,
				D1ECCBF90833DDD5008EBAE3,
				D1ECCD360834923D008EBAE3,
				D1ECCD3C08349255008EBAE3,
				D1CE4B62083CDED900B66B5D,
				D163941C083E17ED00F7FD83,
				D1639465083E1A0F00F7FD83,
				D163947A083E234D00F7FD83,
				D16395280840C57A00F7FD83,
				D16395620841B4E100F7FD83,
				D12211B50844D1820021D4CD,
				D15B067B084763F000FA58A1,
				D1AF73DB084D02C200D50883,
				D1AF744D084DA1BE00D50883,
				D1AF7600084E57BB00D50883,
			);
			isa = PBXSourcesBuildPhase;
			runOnlyForDeploymentPostprocessing = 0;
		};
		8D11072D0486CEB800E47090 = {
			fileRef = 29B97316FDCFA39411CA2CEA;
			isa = PBXBuildFile;
			settings = {
				ATTRIBUTES = (
				);
			};
		};
		8D11072E0486CEB800E47090 = {
			buildActionMask = 2147483647;
			files = (
				8D11072F0486CEB800E47090,
				D16333E207A020D9003FD9C0,
				D16333E307A020D9003FD9C0,
				D16333EE07A020FF003FD9C0,
				D16337B607A4DE3A003FD9C0,
				D16337BE07A4DF5A003FD9C0,
				D10AFF7E07B387B300BBC8EA,
				D1B4CEF4083380B800A444E1,
				D1B4CEF8083380C600A444E1,
				D1CE4B76083CE0FC00B66B5D,
			);
			isa = PBXFrameworksBuildPhase;
			runOnlyForDeploymentPostprocessing = 0;
		};
		8D11072F0486CEB800E47090 = {
			fileRef = 1058C7A1FEA54F0111CA2CBB;
			isa = PBXBuildFile;
			settings = {
			};
		};
		8D1107310486CEB800E47090 = {
			fileEncoding = 4;
			isa = PBXFileReference;
			lastKnownFileType = text.xml;
			path = Info.plist;
			refType = 4;
			sourceTree = "<group>";
		};
		8D1107320486CEB800E47090 = {
			explicitFileType = wrapper.application;
			includeInIndex = 0;
			isa = PBXFileReference;
			path = XMeeting.app;
			refType = 3;
			sourceTree = BUILT_PRODUCTS_DIR;
		};
//8D0
//8D1
//8D2
//8D3
//8D4
//D10
//D11
//D12
//D13
//D14
		D10139F307CA9B2C0041BCDB = {
			children = (
				D1A02922081CD0700018BD11,
				D163382C07A4E7BC003FD9C0,
			);
			isa = PBXGroup;
			name = General;
			refType = 4;
			sourceTree = "<group>";
		};
		D10139FB07CA9B450041BCDB = {
			children = (
				D1FE29CE07AFF4FB004337C9,
				D10AFEB207B3781700BBC8EA,
				D10AFEB307B3781700BBC8EA,
				D10AFE9407B3771F00BBC8EA,
				D10AFE9507B3771F00BBC8EA,
				D177D79F07B62C9500BD0172,
				D177D7A007B62C9500BD0172,
				D163381B07A4E739003FD9C0,
				D163381C07A4E739003FD9C0,
				D1D63D4307AA9B2B00F1FB74,
				D1D63D4407AA9B2B00F1FB74,
				D1D63D3507AA9A8800F1FB74,
				D1D63D3607AA9A8800F1FB74,
				D1D63D3D07AA9A9F00F1FB74,
				D1D63D3E07AA9A9F00F1FB74,
				D166CD6407B2312300BC27A6,
				D166CD6507B2312300BC27A6,
				D12211B30844D1820021D4CD,
				D12211B40844D1820021D4CD,
				D16395260840C57A00F7FD83,
				D16395270840C57A00F7FD83,
				D16395600841B4E100F7FD83,
				D16395610841B4E100F7FD83,
			);
			isa = PBXGroup;
			name = "Obj-C";
			refType = 4;
			sourceTree = "<group>";
		};
		D1013A0007CA9B570041BCDB = {
			children = (
				D16334C907A1C036003FD9C0,
				D16334CA07A1C036003FD9C0,
				D18BF5F007AFA006000CF993,
				D18BF5F107AFA006000CF993,
			);
			isa = PBXGroup;
			name = Bridge;
			path = "";
			refType = 4;
			sourceTree = "<group>";
		};
		D1013A0707CA9B670041BCDB = {
			children = (
				D163350907A1C576003FD9C0,
				D163350A07A1C576003FD9C0,
				D1DE52ED07C6474100343A8D,
				D1DE52EE07C6474100343A8D,
				D114919107ACEE1E005BDCCB,
				D114919207ACEE1E005BDCCB,
				D163364E07A456C4003FD9C0,
				D163364F07A456C4003FD9C0,
				D18BF63C07AFA98F000CF993,
				D18BF63D07AFA98F000CF993,
				D1342CC007B0C1460012B578,
				D1342CC107B0C1460012B578,
			);
			isa = PBXGroup;
			name = OPAL;
			refType = 4;
			sourceTree = "<group>";
		};
		D10AFE9407B3771F00BBC8EA = {
			fileEncoding = 4;
			isa = PBXFileReference;
			lastKnownFileType = sourcecode.c.h;
			name = XMCallManager.h;
			path = Source/Framework/XMCallManager.h;
			refType = 4;
			sourceTree = "<group>";
		};
		D10AFE9507B3771F00BBC8EA = {
			fileEncoding = 4;
			isa = PBXFileReference;
			lastKnownFileType = sourcecode.cpp.objcpp;
			name = XMCallManager.mm;
			path = Source/Framework/XMCallManager.mm;
			refType = 4;
			sourceTree = "<group>";
		};
		D10AFE9607B3771F00BBC8EA = {
			fileRef = D10AFE9407B3771F00BBC8EA;
			isa = PBXBuildFile;
			settings = {
			};
		};
		D10AFE9707B3771F00BBC8EA = {
			fileRef = D10AFE9507B3771F00BBC8EA;
			isa = PBXBuildFile;
			settings = {
			};
		};
		D10AFEB207B3781700BBC8EA = {
			fileEncoding = 4;
			isa = PBXFileReference;
			lastKnownFileType = sourcecode.c.h;
			name = XMUtils.h;
			path = Source/Framework/XMUtils.h;
			refType = 4;
			sourceTree = "<group>";
		};
		D10AFEB307B3781700BBC8EA = {
			fileEncoding = 4;
			isa = PBXFileReference;
			lastKnownFileType = sourcecode.cpp.objcpp;
			name = XMUtils.mm;
			path = Source/Framework/XMUtils.mm;
			refType = 4;
			sourceTree = "<group>";
		};
		D10AFEB407B3781700BBC8EA = {
			fileRef = D10AFEB207B3781700BBC8EA;
			isa = PBXBuildFile;
			settings = {
			};
		};
		D10AFEB507B3781700BBC8EA = {
			fileRef = D10AFEB307B3781700BBC8EA;
			isa = PBXBuildFile;
			settings = {
			};
		};
		D10AFF7D07B387B300BBC8EA = {
			isa = PBXFileReference;
			lastKnownFileType = wrapper.framework;
			name = QuickTime.framework;
			path = /System/Library/Frameworks/QuickTime.framework;
			refType = 0;
			sourceTree = "<absolute>";
		};
		D10AFF7E07B387B300BBC8EA = {
			fileRef = D10AFF7D07B387B300BBC8EA;
			isa = PBXBuildFile;
			settings = {
			};
		};
		D114919107ACEE1E005BDCCB = {
			fileEncoding = 4;
			isa = PBXFileReference;
			lastKnownFileType = sourcecode.c.h;
			name = XMPCSSEndPoint.h;
			path = Source/Framework/XMPCSSEndPoint.h;
			refType = 4;
			sourceTree = "<group>";
		};
		D114919207ACEE1E005BDCCB = {
			fileEncoding = 4;
			isa = PBXFileReference;
			lastKnownFileType = sourcecode.cpp.cpp;
			name = XMPCSSEndPoint.cpp;
			path = Source/Framework/XMPCSSEndPoint.cpp;
			refType = 4;
			sourceTree = "<group>";
		};
		D114919307ACEE1E005BDCCB = {
			fileRef = D114919107ACEE1E005BDCCB;
			isa = PBXBuildFile;
			settings = {
			};
		};
		D114919407ACEE1E005BDCCB = {
			fileRef = D114919207ACEE1E005BDCCB;
			isa = PBXBuildFile;
			settings = {
			};
		};
		D1152F73084C61730057CA9D = {
			isa = PBXFileReference;
			lastKnownFileType = image.tiff;
			name = DefaultURL.tiff;
			path = Resources/Images/DefaultURL.tiff;
			refType = 4;
			sourceTree = "<group>";
		};
		D1152F74084C61730057CA9D = {
			fileRef = D1152F73084C61730057CA9D;
			isa = PBXBuildFile;
			settings = {
			};
		};
		D12211B30844D1820021D4CD = {
			fileEncoding = 4;
			isa = PBXFileReference;
			lastKnownFileType = sourcecode.c.h;
			name = XMAddressBookManager.h;
			path = Source/Framework/XMAddressBookManager.h;
			refType = 4;
			sourceTree = "<group>";
		};
		D12211B40844D1820021D4CD = {
			fileEncoding = 4;
			isa = PBXFileReference;
			lastKnownFileType = sourcecode.c.objc;
			name = XMAddressBookManager.m;
			path = Source/Framework/XMAddressBookManager.m;
			refType = 4;
			sourceTree = "<group>";
		};
		D12211B50844D1820021D4CD = {
			fileRef = D12211B40844D1820021D4CD;
			isa = PBXBuildFile;
			settings = {
			};
		};
		D1342CC007B0C1460012B578 = {
			fileEncoding = 4;
			isa = PBXFileReference;
			lastKnownFileType = sourcecode.c.h;
			name = XMVideoDevices.h;
			path = Source/Framework/XMVideoDevices.h;
			refType = 4;
			sourceTree = "<group>";
		};
		D1342CC107B0C1460012B578 = {
			fileEncoding = 4;
			isa = PBXFileReference;
			lastKnownFileType = sourcecode.cpp.cpp;
			name = XMVideoDevices.cpp;
			path = Source/Framework/XMVideoDevices.cpp;
			refType = 4;
			sourceTree = "<group>";
		};
		D1342CC207B0C1460012B578 = {
			fileRef = D1342CC007B0C1460012B578;
			isa = PBXBuildFile;
			settings = {
			};
		};
		D1342CC307B0C1460012B578 = {
			fileRef = D1342CC107B0C1460012B578;
			isa = PBXBuildFile;
			settings = {
			};
		};
		D15B0679084763F000FA58A1 = {
			fileEncoding = 4;
			isa = PBXFileReference;
			lastKnownFileType = sourcecode.c.h;
			name = XMDatabaseField.h;
			path = Source/GUI/XMDatabaseField.h;
			refType = 4;
			sourceTree = "<group>";
		};
		D15B067A084763F000FA58A1 = {
			fileEncoding = 4;
			isa = PBXFileReference;
			lastKnownFileType = sourcecode.c.objc;
			name = XMDatabaseField.m;
			path = Source/GUI/XMDatabaseField.m;
			refType = 4;
			sourceTree = "<group>";
		};
		D15B067B084763F000FA58A1 = {
			fileRef = D15B067A084763F000FA58A1;
			isa = PBXBuildFile;
			settings = {
			};
		};
		D163333C07A01A8B003FD9C0 = {
			children = (
				D10139F307CA9B2C0041BCDB,
				D10139FB07CA9B450041BCDB,
				D1013A0007CA9B570041BCDB,
				D1013A0707CA9B670041BCDB,
			);
			isa = PBXGroup;
			name = Framework;
			refType = 4;
			sourceTree = "<group>";
		};
		D163335407A01B47003FD9C0 = {
			compilerSpec = com.apple.compilers.gcc;
			fileType = sourcecode.cpp;
			isEditable = 1;
			isa = PBXBuildRule;
			outputFiles = (
			);
		};
		D163336307A01BD5003FD9C0 = {
			fileEncoding = 4;
			isa = PBXFileReference;
			lastKnownFileType = sourcecode.c.h;
			name = XMApplicationController.h;
			path = Source/Application/XMApplicationController.h;
			refType = 4;
			sourceTree = "<group>";
		};
		D163336407A01BD5003FD9C0 = {
			fileEncoding = 4;
			isa = PBXFileReference;
			lastKnownFileType = sourcecode.c.objc;
			name = XMApplicationController.m;
			path = Source/Application/XMApplicationController.m;
			refType = 4;
			sourceTree = "<group>";
		};
		D163336507A01BD5003FD9C0 = {
			fileRef = D163336307A01BD5003FD9C0;
			isa = PBXBuildFile;
			settings = {
			};
		};
		D163336607A01BD5003FD9C0 = {
			fileRef = D163336407A01BD5003FD9C0;
			isa = PBXBuildFile;
			settings = {
			};
		};
		D16333E007A020D9003FD9C0 = {
			isa = PBXFileReference;
			lastKnownFileType = wrapper.framework;
			name = AudioToolbox.framework;
			path = /System/Library/Frameworks/AudioToolbox.framework;
			refType = 0;
			sourceTree = "<absolute>";
		};
		D16333E107A020D9003FD9C0 = {
			isa = PBXFileReference;
			lastKnownFileType = wrapper.framework;
			name = AudioUnit.framework;
			path = /System/Library/Frameworks/AudioUnit.framework;
			refType = 0;
			sourceTree = "<absolute>";
		};
		D16333E207A020D9003FD9C0 = {
			fileRef = D16333E007A020D9003FD9C0;
			isa = PBXBuildFile;
			settings = {
			};
		};
		D16333E307A020D9003FD9C0 = {
			fileRef = D16333E107A020D9003FD9C0;
			isa = PBXBuildFile;
			settings = {
			};
		};
		D16333ED07A020FF003FD9C0 = {
			isa = PBXFileReference;
			lastKnownFileType = wrapper.framework;
			name = CoreAudio.framework;
			path = /System/Library/Frameworks/CoreAudio.framework;
			refType = 0;
			sourceTree = "<absolute>";
		};
		D16333EE07A020FF003FD9C0 = {
			fileRef = D16333ED07A020FF003FD9C0;
			isa = PBXBuildFile;
			settings = {
			};
		};
		D16334C907A1C036003FD9C0 = {
			fileEncoding = 4;
			isa = PBXFileReference;
			lastKnownFileType = sourcecode.c.h;
			name = XMBridge.h;
			path = Source/Framework/XMBridge.h;
			refType = 4;
			sourceTree = "<group>";
		};
		D16334CA07A1C036003FD9C0 = {
			fileEncoding = 4;
			isa = PBXFileReference;
			lastKnownFileType = sourcecode.cpp.cpp;
			name = XMBridge.cpp;
			path = Source/Framework/XMBridge.cpp;
			refType = 4;
			sourceTree = "<group>";
		};
		D16334CB07A1C036003FD9C0 = {
			fileRef = D16334C907A1C036003FD9C0;
			isa = PBXBuildFile;
			settings = {
			};
		};
		D16334CC07A1C036003FD9C0 = {
			fileRef = D16334CA07A1C036003FD9C0;
			isa = PBXBuildFile;
			settings = {
			};
		};
		D163350907A1C576003FD9C0 = {
			fileEncoding = 4;
			isa = PBXFileReference;
			lastKnownFileType = sourcecode.c.h;
			name = XMOpalManager.h;
			path = Source/Framework/XMOpalManager.h;
			refType = 4;
			sourceTree = "<group>";
		};
		D163350A07A1C576003FD9C0 = {
			fileEncoding = 4;
			isa = PBXFileReference;
			lastKnownFileType = sourcecode.cpp.cpp;
			name = XMOpalManager.cpp;
			path = Source/Framework/XMOpalManager.cpp;
			refType = 4;
			sourceTree = "<group>";
		};
		D163350B07A1C576003FD9C0 = {
			fileRef = D163350907A1C576003FD9C0;
			isa = PBXBuildFile;
			settings = {
			};
		};
		D163350C07A1C576003FD9C0 = {
			fileRef = D163350A07A1C576003FD9C0;
			isa = PBXBuildFile;
			settings = {
			};
		};
		D163364E07A456C4003FD9C0 = {
			fileEncoding = 4;
			isa = PBXFileReference;
			lastKnownFileType = sourcecode.c.h;
			name = XMProcess.h;
			path = Source/Framework/XMProcess.h;
			refType = 4;
			sourceTree = "<group>";
		};
		D163364F07A456C4003FD9C0 = {
			fileEncoding = 4;
			isa = PBXFileReference;
			lastKnownFileType = sourcecode.cpp.cpp;
			name = XMProcess.cpp;
			path = Source/Framework/XMProcess.cpp;
			refType = 4;
			sourceTree = "<group>";
		};
		D163365007A456C4003FD9C0 = {
			fileRef = D163364E07A456C4003FD9C0;
			isa = PBXBuildFile;
			settings = {
			};
		};
		D163365107A456C4003FD9C0 = {
			fileRef = D163364F07A456C4003FD9C0;
			isa = PBXBuildFile;
			settings = {
			};
		};
		D16337A707A4DDDF003FD9C0 = {
			children = (
				D16337B507A4DE3A003FD9C0,
				D1B4CEF7083380C600A444E1,
				D1B4CEF3083380B800A444E1,
			);
			isa = PBXGroup;
			name = SharedLibraries;
			refType = 4;
			sourceTree = "<group>";
		};
		D16337B507A4DE3A003FD9C0 = {
			isa = PBXFileReference;
			lastKnownFileType = "compiled.mach-o.dylib";
			name = libcrypto.dylib;
			path = /usr/lib/libcrypto.dylib;
			refType = 0;
			sourceTree = "<absolute>";
		};
		D16337B607A4DE3A003FD9C0 = {
			fileRef = D16337B507A4DE3A003FD9C0;
			isa = PBXBuildFile;
			settings = {
			};
		};
		D16337BD07A4DF5A003FD9C0 = {
			isa = PBXFileReference;
			lastKnownFileType = wrapper.framework;
			name = LDAP.framework;
			path = /System/Library/Frameworks/LDAP.framework;
			refType = 0;
			sourceTree = "<absolute>";
		};
		D16337BE07A4DF5A003FD9C0 = {
			fileRef = D16337BD07A4DF5A003FD9C0;
			isa = PBXBuildFile;
			settings = {
			};
		};
		D163381B07A4E739003FD9C0 = {
			fileEncoding = 30;
			isa = PBXFileReference;
			lastKnownFileType = sourcecode.c.h;
			name = XMPreferences.h;
			path = Source/Framework/XMPreferences.h;
			refType = 4;
			sourceTree = "<group>";
		};
		D163381C07A4E739003FD9C0 = {
			fileEncoding = 30;
			isa = PBXFileReference;
			lastKnownFileType = sourcecode.c.objc;
			name = XMPreferences.m;
			path = Source/Framework/XMPreferences.m;
			refType = 4;
			sourceTree = "<group>";
		};
		D163381D07A4E739003FD9C0 = {
			fileRef = D163381B07A4E739003FD9C0;
			isa = PBXBuildFile;
			settings = {
			};
		};
		D163381E07A4E739003FD9C0 = {
			fileRef = D163381C07A4E739003FD9C0;
			isa = PBXBuildFile;
			settings = {
			};
		};
		D163382C07A4E7BC003FD9C0 = {
			fileEncoding = 30;
			isa = PBXFileReference;
			lastKnownFileType = sourcecode.c.h;
			name = XMTypes.h;
			path = Source/Framework/XMTypes.h;
			refType = 4;
			sourceTree = "<group>";
		};
		D163382D07A4E7BC003FD9C0 = {
			fileRef = D163382C07A4E7BC003FD9C0;
			isa = PBXBuildFile;
			settings = {
			};
		};
		D1639415083E17A500F7FD83 = {
			children = (
				D1639416083E17A500F7FD83,
			);
			isa = PBXVariantGroup;
			name = DialPadModule.nib;
			path = "";
			refType = 4;
			sourceTree = "<group>";
		};
		D1639416083E17A500F7FD83 = {
			isa = PBXFileReference;
			lastKnownFileType = wrapper.nib;
			name = English;
			path = English.lproj/DialPadModule.nib;
			refType = 4;
			sourceTree = "<group>";
		};
		D1639417083E17A500F7FD83 = {
			fileRef = D1639415083E17A500F7FD83;
			isa = PBXBuildFile;
			settings = {
			};
		};
		D163941A083E17ED00F7FD83 = {
			fileEncoding = 4;
			isa = PBXFileReference;
			lastKnownFileType = sourcecode.c.h;
			name = XMDialPadModule.h;
			path = Source/GUI/XMDialPadModule.h;
			refType = 4;
			sourceTree = "<group>";
		};
		D163941B083E17ED00F7FD83 = {
			fileEncoding = 4;
			isa = PBXFileReference;
			lastKnownFileType = sourcecode.c.objc;
			name = XMDialPadModule.m;
			path = Source/GUI/XMDialPadModule.m;
			refType = 4;
			sourceTree = "<group>";
		};
		D163941C083E17ED00F7FD83 = {
			fileRef = D163941B083E17ED00F7FD83;
			isa = PBXBuildFile;
			settings = {
			};
		};
		D163945D083E19E300F7FD83 = {
			children = (
				D163945E083E19E300F7FD83,
			);
			isa = PBXVariantGroup;
			name = StatisticsModule.nib;
			path = "";
			refType = 4;
			sourceTree = "<group>";
		};
		D163945E083E19E300F7FD83 = {
			isa = PBXFileReference;
			lastKnownFileType = wrapper.nib;
			name = English;
			path = English.lproj/StatisticsModule.nib;
			refType = 4;
			sourceTree = "<group>";
		};
		D163945F083E19E300F7FD83 = {
			fileRef = D163945D083E19E300F7FD83;
			isa = PBXBuildFile;
			settings = {
			};
		};
		D1639463083E1A0F00F7FD83 = {
			fileEncoding = 4;
			isa = PBXFileReference;
			lastKnownFileType = sourcecode.c.h;
			name = XMStatisticsModule.h;
			path = Source/GUI/XMStatisticsModule.h;
			refType = 4;
			sourceTree = "<group>";
		};
		D1639464083E1A0F00F7FD83 = {
			fileEncoding = 4;
			isa = PBXFileReference;
			lastKnownFileType = sourcecode.c.objc;
			name = XMStatisticsModule.m;
			path = Source/GUI/XMStatisticsModule.m;
			refType = 4;
			sourceTree = "<group>";
		};
		D1639465083E1A0F00F7FD83 = {
			fileRef = D1639464083E1A0F00F7FD83;
			isa = PBXBuildFile;
			settings = {
			};
		};
		D1639478083E234D00F7FD83 = {
			fileEncoding = 4;
			isa = PBXFileReference;
			lastKnownFileType = sourcecode.c.h;
			name = XMCallHistoryModule.h;
			path = Source/GUI/XMCallHistoryModule.h;
			refType = 4;
			sourceTree = "<group>";
		};
		D1639479083E234D00F7FD83 = {
			fileEncoding = 4;
			isa = PBXFileReference;
			lastKnownFileType = sourcecode.c.objc;
			name = XMCallHistoryModule.m;
			path = Source/GUI/XMCallHistoryModule.m;
			refType = 4;
			sourceTree = "<group>";
		};
		D163947A083E234D00F7FD83 = {
			fileRef = D1639479083E234D00F7FD83;
			isa = PBXBuildFile;
			settings = {
			};
		};
		D16394C1083E23D600F7FD83 = {
			children = (
				D16394C2083E23D600F7FD83,
			);
			isa = PBXVariantGroup;
			name = CallHistoryModule.nib;
			path = "";
			refType = 4;
			sourceTree = "<group>";
		};
		D16394C2083E23D600F7FD83 = {
			isa = PBXFileReference;
			lastKnownFileType = wrapper.nib;
			name = English;
			path = English.lproj/CallHistoryModule.nib;
			refType = 4;
			sourceTree = "<group>";
		};
		D16394C3083E23D600F7FD83 = {
			fileRef = D16394C1083E23D600F7FD83;
			isa = PBXBuildFile;
			settings = {
			};
		};
		D16395260840C57A00F7FD83 = {
			fileEncoding = 4;
			isa = PBXFileReference;
			lastKnownFileType = sourcecode.c.h;
			name = XMURL.h;
			path = Source/Framework/XMURL.h;
			refType = 4;
			sourceTree = "<group>";
		};
		D16395270840C57A00F7FD83 = {
			fileEncoding = 4;
			isa = PBXFileReference;
			lastKnownFileType = sourcecode.c.objc;
			name = XMURL.m;
			path = Source/Framework/XMURL.m;
			refType = 4;
			sourceTree = "<group>";
		};
		D16395280840C57A00F7FD83 = {
			fileRef = D16395270840C57A00F7FD83;
			isa = PBXBuildFile;
			settings = {
			};
		};
		D16395600841B4E100F7FD83 = {
			fileEncoding = 4;
			isa = PBXFileReference;
			lastKnownFileType = sourcecode.c.h;
			name = XMCalltoURL.h;
			path = Source/Framework/XMCalltoURL.h;
			refType = 4;
			sourceTree = "<group>";
		};
		D16395610841B4E100F7FD83 = {
			fileEncoding = 4;
			isa = PBXFileReference;
			lastKnownFileType = sourcecode.c.objc;
			name = XMCalltoURL.m;
			path = Source/Framework/XMCalltoURL.m;
			refType = 4;
			sourceTree = "<group>";
		};
		D16395620841B4E100F7FD83 = {
			fileRef = D16395610841B4E100F7FD83;
			isa = PBXBuildFile;
			settings = {
			};
		};
		D166CD6407B2312300BC27A6 = {
			fileEncoding = 4;
			isa = PBXFileReference;
			lastKnownFileType = sourcecode.c.h;
			name = XMLocalVideoView.h;
			path = Source/Framework/XMLocalVideoView.h;
			refType = 4;
			sourceTree = "<group>";
		};
		D166CD6507B2312300BC27A6 = {
			fileEncoding = 4;
			isa = PBXFileReference;
			lastKnownFileType = sourcecode.c.objc;
			name = XMLocalVideoView.m;
			path = Source/Framework/XMLocalVideoView.m;
			refType = 4;
			sourceTree = "<group>";
		};
		D166CD6607B2312300BC27A6 = {
			fileRef = D166CD6407B2312300BC27A6;
			isa = PBXBuildFile;
			settings = {
			};
		};
		D166CD6707B2312300BC27A6 = {
			fileRef = D166CD6507B2312300BC27A6;
			isa = PBXBuildFile;
			settings = {
			};
		};
		D177D79F07B62C9500BD0172 = {
			fileEncoding = 4;
			isa = PBXFileReference;
			lastKnownFileType = sourcecode.c.h;
			name = XMCallInfo.h;
			path = Source/Framework/XMCallInfo.h;
			refType = 4;
			sourceTree = "<group>";
		};
		D177D7A007B62C9500BD0172 = {
			fileEncoding = 4;
			isa = PBXFileReference;
			lastKnownFileType = sourcecode.c.objc;
			name = XMCallInfo.m;
			path = Source/Framework/XMCallInfo.m;
			refType = 4;
			sourceTree = "<group>";
		};
		D177D7A107B62C9500BD0172 = {
			fileRef = D177D79F07B62C9500BD0172;
			isa = PBXBuildFile;
			settings = {
			};
		};
		D177D7A207B62C9500BD0172 = {
			fileRef = D177D7A007B62C9500BD0172;
			isa = PBXBuildFile;
			settings = {
			};
		};
		D1897F7C0823EEF2007CD286 = {
			fileEncoding = 30;
			isa = PBXFileReference;
			lastKnownFileType = text.xml;
			name = English;
			path = English.lproj/XMCodecDescriptions.plist;
			refType = 4;
			sourceTree = "<group>";
		};
		D189803D082411AC007CD286 = {
			children = (
				D1897F7C0823EEF2007CD286,
			);
			isa = PBXVariantGroup;
			name = XMCodecDescriptions.plist;
			path = "";
			refType = 4;
			sourceTree = "<group>";
		};
		D189803E082411AC007CD286 = {
			fileRef = D189803D082411AC007CD286;
			isa = PBXBuildFile;
			settings = {
			};
		};
		D189805108241F11007CD286 = {
			fileEncoding = 4;
			isa = PBXFileReference;
			lastKnownFileType = sourcecode.c.h;
			name = XMBooleanCell.h;
			path = Source/GUI/XMBooleanCell.h;
			refType = 4;
			sourceTree = "<group>";
		};
		D189805208241F11007CD286 = {
			fileEncoding = 4;
			isa = PBXFileReference;
			lastKnownFileType = sourcecode.c.objc;
			name = XMBooleanCell.m;
			path = Source/GUI/XMBooleanCell.m;
			refType = 4;
			sourceTree = "<group>";
		};
		D189805308241F11007CD286 = {
			fileRef = D189805108241F11007CD286;
			isa = PBXBuildFile;
			settings = {
			};
		};
		D189805408241F11007CD286 = {
			fileRef = D189805208241F11007CD286;
			isa = PBXBuildFile;
			settings = {
			};
		};
		D18BF5F007AFA006000CF993 = {
			fileEncoding = 4;
			isa = PBXFileReference;
			lastKnownFileType = sourcecode.c.h;
			name = XMCallbackBridge.h;
			path = Source/Framework/XMCallbackBridge.h;
			refType = 4;
			sourceTree = "<group>";
		};
		D18BF5F107AFA006000CF993 = {
			fileEncoding = 4;
			isa = PBXFileReference;
			lastKnownFileType = sourcecode.cpp.objcpp;
			name = XMCallbackBridge.mm;
			path = Source/Framework/XMCallbackBridge.mm;
			refType = 4;
			sourceTree = "<group>";
		};
		D18BF5F207AFA006000CF993 = {
			fileRef = D18BF5F007AFA006000CF993;
			isa = PBXBuildFile;
			settings = {
			};
		};
		D18BF5F307AFA007000CF993 = {
			fileRef = D18BF5F107AFA006000CF993;
			isa = PBXBuildFile;
			settings = {
			};
		};
		D18BF63C07AFA98F000CF993 = {
			fileEncoding = 4;
			isa = PBXFileReference;
			lastKnownFileType = sourcecode.c.h;
			name = XMVolumeControl.h;
			path = Source/Framework/XMVolumeControl.h;
			refType = 4;
			sourceTree = "<group>";
		};
		D18BF63D07AFA98F000CF993 = {
			fileEncoding = 4;
			isa = PBXFileReference;
			lastKnownFileType = sourcecode.cpp.cpp;
			name = XMVolumeControl.cpp;
			path = Source/Framework/XMVolumeControl.cpp;
			refType = 4;
			sourceTree = "<group>";
		};
		D18BF63E07AFA98F000CF993 = {
			fileRef = D18BF63C07AFA98F000CF993;
			isa = PBXBuildFile;
			settings = {
			};
		};
		D18BF63F07AFA98F000CF993 = {
			fileRef = D18BF63D07AFA98F000CF993;
			isa = PBXBuildFile;
			settings = {
			};
		};
		D1A0287F081CBCC00018BD11 = {
			fileEncoding = 4;
			isa = PBXFileReference;
			lastKnownFileType = sourcecode.c.h;
			name = XMPreferencesManager.h;
			path = Source/Application/XMPreferencesManager.h;
			refType = 4;
			sourceTree = "<group>";
		};
		D1A02880081CBCC00018BD11 = {
			fileEncoding = 4;
			isa = PBXFileReference;
			lastKnownFileType = sourcecode.c.objc;
			name = XMPreferencesManager.m;
			path = Source/Application/XMPreferencesManager.m;
			refType = 4;
			sourceTree = "<group>";
		};
		D1A02881081CBCC00018BD11 = {
			fileRef = D1A0287F081CBCC00018BD11;
			isa = PBXBuildFile;
			settings = {
			};
		};
		D1A02882081CBCC00018BD11 = {
			fileRef = D1A02880081CBCC00018BD11;
			isa = PBXBuildFile;
			settings = {
			};
		};
		D1A02893081CBED00018BD11 = {
			fileEncoding = 4;
			isa = PBXFileReference;
			lastKnownFileType = sourcecode.c.h;
			name = XMLocation.h;
			path = Source/Application/XMLocation.h;
			refType = 4;
			sourceTree = "<group>";
		};
		D1A02894081CBED00018BD11 = {
			fileEncoding = 4;
			isa = PBXFileReference;
			lastKnownFileType = sourcecode.c.objc;
			name = XMLocation.m;
			path = Source/Application/XMLocation.m;
			refType = 4;
			sourceTree = "<group>";
		};
		D1A02895081CBED00018BD11 = {
			fileRef = D1A02893081CBED00018BD11;
			isa = PBXBuildFile;
			settings = {
			};
		};
		D1A02896081CBED00018BD11 = {
			fileRef = D1A02894081CBED00018BD11;
			isa = PBXBuildFile;
			settings = {
			};
		};
		D1A02899081CBED70018BD11 = {
			children = (
				D1A0287F081CBCC00018BD11,
				D1A02880081CBCC00018BD11,
				D1A02893081CBED00018BD11,
				D1A02894081CBED00018BD11,
			);
			isa = PBXGroup;
			name = PreferencesManagement;
			refType = 4;
			sourceTree = "<group>";
		};
		D1A02922081CD0700018BD11 = {
			fileEncoding = 4;
			isa = PBXFileReference;
			lastKnownFileType = sourcecode.c.h;
			name = XMeeting.h;
			path = Source/Framework/XMeeting.h;
			refType = 4;
			sourceTree = "<group>";
		};
		D1A02923081CD0700018BD11 = {
			fileRef = D1A02922081CD0700018BD11;
			isa = PBXBuildFile;
			settings = {
			};
		};
		D1A02A6C081E40360018BD11 = {
			children = (
				D1A02A75081E40580018BD11,
				D1A02A76081E40580018BD11,
				D1A02AB6081E4B8C0018BD11,
				D1A02ADB081E56DB0018BD11,
				D1A02ADC081E56DB0018BD11,
				D1A02AEB081E57040018BD11,
				D1A02AEC081E57040018BD11,
			);
			isa = PBXGroup;
			name = PreferencesWindow;
			refType = 4;
			sourceTree = "<group>";
		};
		D1A02A75081E40580018BD11 = {
			fileEncoding = 4;
			isa = PBXFileReference;
			lastKnownFileType = sourcecode.c.h;
			name = XMPreferencesWindowController.h;
			path = Source/GUI/XMPreferencesWindowController.h;
			refType = 4;
			sourceTree = "<group>";
		};
		D1A02A76081E40580018BD11 = {
			fileEncoding = 4;
			isa = PBXFileReference;
			lastKnownFileType = sourcecode.c.objc;
			name = XMPreferencesWindowController.m;
			path = Source/GUI/XMPreferencesWindowController.m;
			refType = 4;
			sourceTree = "<group>";
		};
		D1A02A77081E40580018BD11 = {
			fileRef = D1A02A75081E40580018BD11;
			isa = PBXBuildFile;
			settings = {
			};
		};
		D1A02A78081E40580018BD11 = {
			fileRef = D1A02A76081E40580018BD11;
			isa = PBXBuildFile;
			settings = {
			};
		};
		D1A02AB6081E4B8C0018BD11 = {
			fileEncoding = 4;
			isa = PBXFileReference;
			lastKnownFileType = sourcecode.c.h;
			name = XMPreferencesModule.h;
			path = Source/GUI/XMPreferencesModule.h;
			refType = 4;
			sourceTree = "<group>";
		};
		D1A02AB8081E4B8C0018BD11 = {
			fileRef = D1A02AB6081E4B8C0018BD11;
			isa = PBXBuildFile;
			settings = {
			};
		};
		D1A02ADB081E56DB0018BD11 = {
			fileEncoding = 4;
			isa = PBXFileReference;
			lastKnownFileType = sourcecode.c.h;
			name = XMGeneralPreferencesModule.h;
			path = Source/GUI/XMGeneralPreferencesModule.h;
			refType = 4;
			sourceTree = "<group>";
		};
		D1A02ADC081E56DB0018BD11 = {
			fileEncoding = 4;
			isa = PBXFileReference;
			lastKnownFileType = sourcecode.c.objc;
			name = XMGeneralPreferencesModule.m;
			path = Source/GUI/XMGeneralPreferencesModule.m;
			refType = 4;
			sourceTree = "<group>";
		};
		D1A02ADD081E56DB0018BD11 = {
			fileRef = D1A02ADB081E56DB0018BD11;
			isa = PBXBuildFile;
			settings = {
			};
		};
		D1A02ADE081E56DB0018BD11 = {
			fileRef = D1A02ADC081E56DB0018BD11;
			isa = PBXBuildFile;
			settings = {
			};
		};
		D1A02AEB081E57040018BD11 = {
			fileEncoding = 4;
			isa = PBXFileReference;
			lastKnownFileType = sourcecode.c.h;
			name = XMLocationPreferencesModule.h;
			path = Source/GUI/XMLocationPreferencesModule.h;
			refType = 4;
			sourceTree = "<group>";
		};
		D1A02AEC081E57040018BD11 = {
			fileEncoding = 4;
			isa = PBXFileReference;
			lastKnownFileType = sourcecode.c.objc;
			name = XMLocationPreferencesModule.m;
			path = Source/GUI/XMLocationPreferencesModule.m;
			refType = 4;
			sourceTree = "<group>";
		};
		D1A02AED081E57040018BD11 = {
			fileRef = D1A02AEB081E57040018BD11;
			isa = PBXBuildFile;
			settings = {
			};
		};
		D1A02AEE081E57040018BD11 = {
			fileRef = D1A02AEC081E57040018BD11;
			isa = PBXBuildFile;
			settings = {
			};
		};
		D1A02B24081E96D30018BD11 = {
			children = (
				D1A02B25081E96D30018BD11,
			);
			isa = PBXVariantGroup;
			name = Preferences.nib;
			path = "";
			refType = 4;
			sourceTree = "<group>";
		};
		D1A02B25081E96D30018BD11 = {
			isa = PBXFileReference;
			lastKnownFileType = wrapper.nib;
			name = English;
			path = English.lproj/Preferences.nib;
			refType = 4;
			sourceTree = "<group>";
		};
		D1A02B26081E96D30018BD11 = {
			fileRef = D1A02B24081E96D30018BD11;
			isa = PBXBuildFile;
			settings = {
			};
		};
		D1AF73D9084D02C200D50883 = {
			fileEncoding = 4;
			isa = PBXFileReference;
			lastKnownFileType = sourcecode.c.h;
			name = XMCallAddressManager.h;
			path = Source/Application/XMCallAddressManager.h;
			refType = 4;
			sourceTree = "<group>";
		};
		D1AF73DA084D02C200D50883 = {
			fileEncoding = 4;
			isa = PBXFileReference;
			lastKnownFileType = sourcecode.c.objc;
			name = XMCallAddressManager.m;
			path = Source/Application/XMCallAddressManager.m;
			refType = 4;
			sourceTree = "<group>";
		};
		D1AF73DB084D02C200D50883 = {
			fileRef = D1AF73DA084D02C200D50883;
			isa = PBXBuildFile;
			settings = {
			};
		};
		D1AF73E0084D02E400D50883 = {
			children = (
				D163336307A01BD5003FD9C0,
				D163336407A01BD5003FD9C0,
				D1AF73D9084D02C200D50883,
				D1AF73DA084D02C200D50883,
				D1AF744B084DA1BE00D50883,
				D1AF744C084DA1BE00D50883,
			);
			isa = PBXGroup;
			name = "Application General";
			refType = 4;
			sourceTree = "<group>";
		};
		D1AF744B084DA1BE00D50883 = {
			fileEncoding = 4;
			isa = PBXFileReference;
			lastKnownFileType = sourcecode.c.h;
			name = XMAddressBookCallAddressProvider.h;
			path = Source/Application/XMAddressBookCallAddressProvider.h;
			refType = 4;
			sourceTree = "<group>";
		};
		D1AF744C084DA1BE00D50883 = {
			fileEncoding = 4;
			isa = PBXFileReference;
			lastKnownFileType = sourcecode.c.objc;
			name = XMAddressBookCallAddressProvider.m;
			path = Source/Application/XMAddressBookCallAddressProvider.m;
			refType = 4;
			sourceTree = "<group>";
		};
		D1AF744D084DA1BE00D50883 = {
			fileRef = D1AF744C084DA1BE00D50883;
			isa = PBXBuildFile;
			settings = {
			};
		};
		D1AF75FE084E57BB00D50883 = {
			fileEncoding = 4;
			isa = PBXFileReference;
			lastKnownFileType = sourcecode.c.h;
			name = XMMainWindowStatusBarController.h;
			path = Source/GUI/XMMainWindowStatusBarController.h;
			refType = 4;
			sourceTree = "<group>";
		};
		D1AF75FF084E57BB00D50883 = {
			fileEncoding = 4;
			isa = PBXFileReference;
			lastKnownFileType = sourcecode.c.objc;
			name = XMMainWindowStatusBarController.m;
			path = Source/GUI/XMMainWindowStatusBarController.m;
			refType = 4;
			sourceTree = "<group>";
		};
		D1AF7600084E57BB00D50883 = {
			fileRef = D1AF75FF084E57BB00D50883;
			isa = PBXBuildFile;
			settings = {
			};
		};
		D1B4CC21082F4E0E00A444E1 = {
			children = (
				D1B4CC28082F4E6800A444E1,
				D1B4CC29082F4E6800A444E1,
				D1AF75FE084E57BB00D50883,
				D1AF75FF084E57BB00D50883,
				D1ECCD0308348C4E008EBAE3,
				D1ECCD330834923D008EBAE3,
				D1ECCD340834923D008EBAE3,
				D1ECCD3908349255008EBAE3,
				D1ECCD3A08349255008EBAE3,
				D1B4CCA4082F5BA100A444E1,
				D1CE4B60083CDED900B66B5D,
				D1CE4B61083CDED900B66B5D,
				D1B4CFD40833911600A444E1,
				D1B4CFD50833911600A444E1,
				D163941A083E17ED00F7FD83,
				D163941B083E17ED00F7FD83,
				D1ECCBF60833DDD5008EBAE3,
				D1ECCBF70833DDD5008EBAE3,
				D1639463083E1A0F00F7FD83,
				D1639464083E1A0F00F7FD83,
				D1639478083E234D00F7FD83,
				D1639479083E234D00F7FD83,
			);
			isa = PBXGroup;
			name = MainWindow;
			refType = 4;
			sourceTree = "<group>";
		};
		D1B4CC28082F4E6800A444E1 = {
			fileEncoding = 4;
			isa = PBXFileReference;
			lastKnownFileType = sourcecode.c.h;
			name = XMMainWindowController.h;
			path = Source/GUI/XMMainWindowController.h;
			refType = 4;
			sourceTree = "<group>";
		};
		D1B4CC29082F4E6800A444E1 = {
			fileEncoding = 4;
			isa = PBXFileReference;
			lastKnownFileType = sourcecode.c.objc;
			name = XMMainWindowController.m;
			path = Source/GUI/XMMainWindowController.m;
			refType = 4;
			sourceTree = "<group>";
		};
		D1B4CC2A082F4E6800A444E1 = {
			fileRef = D1B4CC28082F4E6800A444E1;
			isa = PBXBuildFile;
			settings = {
			};
		};
		D1B4CC2B082F4E6800A444E1 = {
			fileRef = D1B4CC29082F4E6800A444E1;
			isa = PBXBuildFile;
			settings = {
			};
		};
		D1B4CC98082F594C00A444E1 = {
			children = (
				D1B4CC99082F594C00A444E1,
			);
			isa = PBXVariantGroup;
			name = MainWindow.nib;
			path = "";
			refType = 4;
			sourceTree = "<group>";
		};
		D1B4CC99082F594C00A444E1 = {
			isa = PBXFileReference;
			lastKnownFileType = wrapper.nib;
			name = English;
			path = English.lproj/MainWindow.nib;
			refType = 4;
			sourceTree = "<group>";
		};
		D1B4CC9A082F594C00A444E1 = {
			fileRef = D1B4CC98082F594C00A444E1;
			isa = PBXBuildFile;
			settings = {
			};
		};
		D1B4CCA4082F5BA100A444E1 = {
			fileEncoding = 4;
			isa = PBXFileReference;
			lastKnownFileType = sourcecode.c.h;
			name = XMMainWindowBottomModule.h;
			path = Source/GUI/XMMainWindowBottomModule.h;
			refType = 4;
			sourceTree = "<group>";
		};
		D1B4CCA5082F5BA100A444E1 = {
			fileRef = D1B4CCA4082F5BA100A444E1;
			isa = PBXBuildFile;
			settings = {
			};
		};
		D1B4CD9408316D5900A444E1 = {
			children = (
				D1B4CD9708316DF100A444E1,
				D1B4CD9808316DF100A444E1,
				D189805108241F11007CD286,
				D189805208241F11007CD286,
				D15B0679084763F000FA58A1,
				D15B067A084763F000FA58A1,
			);
			isa = PBXGroup;
			name = "GUI-Widgets";
			refType = 4;
			sourceTree = "<group>";
		};
		D1B4CD9708316DF100A444E1 = {
			fileEncoding = 4;
			isa = PBXFileReference;
			lastKnownFileType = sourcecode.c.h;
			name = XMMouseOverButton.h;
			path = Source/GUI/XMMouseOverButton.h;
			refType = 4;
			sourceTree = "<group>";
		};
		D1B4CD9808316DF100A444E1 = {
			fileEncoding = 4;
			isa = PBXFileReference;
			lastKnownFileType = sourcecode.c.objc;
			name = XMMouseOverButton.m;
			path = Source/GUI/XMMouseOverButton.m;
			refType = 4;
			sourceTree = "<group>";
		};
		D1B4CD9908316DF100A444E1 = {
			fileRef = D1B4CD9708316DF100A444E1;
			isa = PBXBuildFile;
			settings = {
			};
		};
		D1B4CD9A08316DF100A444E1 = {
			fileRef = D1B4CD9808316DF100A444E1;
			isa = PBXBuildFile;
			settings = {
			};
		};
		D1B4CEF3083380B800A444E1 = {
			isa = PBXFileReference;
			lastKnownFileType = archive.ar;
			name = libpt_Darwin_ppc_r_s.a;
			path = /Users/hannes/pwlib/lib/libpt_Darwin_ppc_r_s.a;
			refType = 0;
			sourceTree = "<absolute>";
		};
		D1B4CEF4083380B800A444E1 = {
			fileRef = D1B4CEF3083380B800A444E1;
			isa = PBXBuildFile;
			settings = {
			};
		};
		D1B4CEF7083380C600A444E1 = {
			isa = PBXFileReference;
			lastKnownFileType = archive.ar;
			name = libopal_Darwin_ppc_r_s.a;
			path = /Users/hannes/opal/lib/libopal_Darwin_ppc_r_s.a;
			refType = 0;
			sourceTree = "<absolute>";
		};
		D1B4CEF8083380C600A444E1 = {
			fileRef = D1B4CEF7083380C600A444E1;
			isa = PBXBuildFile;
			settings = {
			};
		};
		D1B4CFD40833911600A444E1 = {
			fileEncoding = 4;
			isa = PBXFileReference;
			lastKnownFileType = sourcecode.c.h;
			name = XMZeroConfModule.h;
			path = Source/GUI/XMZeroConfModule.h;
			refType = 4;
			sourceTree = "<group>";
		};
		D1B4CFD50833911600A444E1 = {
			fileEncoding = 4;
			isa = PBXFileReference;
			lastKnownFileType = sourcecode.c.objc;
			name = XMZeroConfModule.m;
			path = Source/GUI/XMZeroConfModule.m;
			refType = 4;
			sourceTree = "<group>";
		};
		D1B4CFD60833911600A444E1 = {
			fileRef = D1B4CFD40833911600A444E1;
			isa = PBXBuildFile;
			settings = {
			};
		};
		D1B4CFD70833911600A444E1 = {
			fileRef = D1B4CFD50833911600A444E1;
			isa = PBXBuildFile;
			settings = {
			};
		};
		D1B4D0050833937200A444E1 = {
			children = (
				D1B4D0060833937200A444E1,
			);
			isa = PBXVariantGroup;
			name = ZeroConfModule.nib;
			path = "";
			refType = 4;
			sourceTree = "<group>";
		};
		D1B4D0060833937200A444E1 = {
			isa = PBXFileReference;
			lastKnownFileType = wrapper.nib;
			name = English;
			path = English.lproj/ZeroConfModule.nib;
			refType = 4;
			sourceTree = "<group>";
		};
		D1B4D0070833937200A444E1 = {
			fileRef = D1B4D0050833937200A444E1;
			isa = PBXBuildFile;
			settings = {
			};
		};
		D1CE4B60083CDED900B66B5D = {
			fileEncoding = 4;
			isa = PBXFileReference;
			lastKnownFileType = sourcecode.c.h;
			name = XMAddressBookModule.h;
			path = Source/GUI/XMAddressBookModule.h;
			refType = 4;
			sourceTree = "<group>";
		};
		D1CE4B61083CDED900B66B5D = {
			fileEncoding = 4;
			isa = PBXFileReference;
			lastKnownFileType = sourcecode.c.objc;
			name = XMAddressBookModule.m;
			path = Source/GUI/XMAddressBookModule.m;
			refType = 4;
			sourceTree = "<group>";
		};
		D1CE4B62083CDED900B66B5D = {
			fileRef = D1CE4B61083CDED900B66B5D;
			isa = PBXBuildFile;
			settings = {
			};
		};
		D1CE4B67083CDF3900B66B5D = {
			children = (
				D1CE4B68083CDF3900B66B5D,
			);
			isa = PBXVariantGroup;
			name = AddressBook.nib;
			path = "";
			refType = 4;
			sourceTree = "<group>";
		};
		D1CE4B68083CDF3900B66B5D = {
			isa = PBXFileReference;
			lastKnownFileType = wrapper.nib;
			name = English;
			path = English.lproj/AddressBook.nib;
			refType = 4;
			sourceTree = "<group>";
		};
		D1CE4B69083CDF3900B66B5D = {
			fileRef = D1CE4B67083CDF3900B66B5D;
			isa = PBXBuildFile;
			settings = {
			};
		};
		D1CE4B75083CE0FC00B66B5D = {
			isa = PBXFileReference;
			lastKnownFileType = wrapper.framework;
			name = AddressBook.framework;
			path = /System/Library/Frameworks/AddressBook.framework;
			refType = 0;
			sourceTree = "<absolute>";
		};
		D1CE4B76083CE0FC00B66B5D = {
			fileRef = D1CE4B75083CE0FC00B66B5D;
			isa = PBXBuildFile;
			settings = {
			};
		};
		D1D63D3507AA9A8800F1FB74 = {
			fileEncoding = 4;
			isa = PBXFileReference;
			lastKnownFileType = sourcecode.c.h;
			name = XMAudioManager.h;
			path = Source/Framework/XMAudioManager.h;
			refType = 4;
			sourceTree = "<group>";
		};
		D1D63D3607AA9A8800F1FB74 = {
			fileEncoding = 4;
			isa = PBXFileReference;
			lastKnownFileType = sourcecode.cpp.objcpp;
			name = XMAudioManager.mm;
			path = Source/Framework/XMAudioManager.mm;
			refType = 4;
			sourceTree = "<group>";
		};
		D1D63D3707AA9A8800F1FB74 = {
			fileRef = D1D63D3507AA9A8800F1FB74;
			isa = PBXBuildFile;
			settings = {
			};
		};
		D1D63D3807AA9A8800F1FB74 = {
			fileRef = D1D63D3607AA9A8800F1FB74;
			isa = PBXBuildFile;
			settings = {
			};
		};
		D1D63D3D07AA9A9F00F1FB74 = {
			fileEncoding = 4;
			isa = PBXFileReference;
			lastKnownFileType = sourcecode.c.h;
			name = XMVideoManager.h;
			path = Source/Framework/XMVideoManager.h;
			refType = 4;
			sourceTree = "<group>";
		};
		D1D63D3E07AA9A9F00F1FB74 = {
			fileEncoding = 4;
			isa = PBXFileReference;
			lastKnownFileType = sourcecode.cpp.objcpp;
			name = XMVideoManager.mm;
			path = Source/Framework/XMVideoManager.mm;
			refType = 4;
			sourceTree = "<group>";
		};
		D1D63D3F07AA9A9F00F1FB74 = {
			fileRef = D1D63D3D07AA9A9F00F1FB74;
			isa = PBXBuildFile;
			settings = {
			};
		};
		D1D63D4007AA9A9F00F1FB74 = {
			fileRef = D1D63D3E07AA9A9F00F1FB74;
			isa = PBXBuildFile;
			settings = {
			};
		};
		D1D63D4307AA9B2B00F1FB74 = {
			fileEncoding = 4;
			isa = PBXFileReference;
			lastKnownFileType = sourcecode.c.h;
			name = XMCodecManager.h;
			path = Source/Framework/XMCodecManager.h;
			refType = 4;
			sourceTree = "<group>";
		};
		D1D63D4407AA9B2B00F1FB74 = {
			fileEncoding = 4;
			isa = PBXFileReference;
			lastKnownFileType = sourcecode.cpp.objcpp;
			name = XMCodecManager.mm;
			path = Source/Framework/XMCodecManager.mm;
			refType = 4;
			sourceTree = "<group>";
		};
		D1D63D4507AA9B2B00F1FB74 = {
			fileRef = D1D63D4307AA9B2B00F1FB74;
			isa = PBXBuildFile;
			settings = {
			};
		};
		D1D63D4607AA9B2B00F1FB74 = {
			fileRef = D1D63D4407AA9B2B00F1FB74;
			isa = PBXBuildFile;
			settings = {
			};
		};
		D1DE52ED07C6474100343A8D = {
			fileEncoding = 4;
			isa = PBXFileReference;
			lastKnownFileType = sourcecode.c.h;
			name = XMH323EndPoint.h;
			path = Source/Framework/XMH323EndPoint.h;
			refType = 4;
			sourceTree = "<group>";
		};
		D1DE52EE07C6474100343A8D = {
			fileEncoding = 4;
			isa = PBXFileReference;
			lastKnownFileType = sourcecode.cpp.cpp;
			name = XMH323EndPoint.cpp;
			path = Source/Framework/XMH323EndPoint.cpp;
			refType = 4;
			sourceTree = "<group>";
		};
		D1DE52EF07C6474100343A8D = {
			fileRef = D1DE52ED07C6474100343A8D;
			isa = PBXBuildFile;
			settings = {
			};
		};
		D1DE52F007C6474100343A8D = {
			fileRef = D1DE52EE07C6474100343A8D;
			isa = PBXBuildFile;
			settings = {
			};
		};
		D1EB1894084379B5002CEF53 = {
			children = (
				29B97318FDCFA39411CA2CEA,
				D1B4CC98082F594C00A444E1,
				D1ECCD2E083491EB008EBAE3,
				D1ECCD160834911C008EBAE3,
				D1CE4B67083CDF3900B66B5D,
				D1B4D0050833937200A444E1,
				D1639415083E17A500F7FD83,
				D1ECCBF10833DDAD008EBAE3,
				D163945D083E19E300F7FD83,
				D1A02B24081E96D30018BD11,
				D16394C1083E23D600F7FD83,
			);
			isa = PBXGroup;
			name = Nibs;
			refType = 4;
			sourceTree = "<group>";
		};
		D1EB1897084379C5002CEF53 = {
			children = (
				D1EB19350843E47F002CEF53,
				D1EB18EF0843DEC9002CEF53,
				D1EB18E90843DCC2002CEF53,
				D1EB18E30843DB92002CEF53,
				D1EB18DF0843D90D002CEF53,
				D1EB18B90843D6B6002CEF53,
				D1EB18AC08437A26002CEF53,
				D1152F73084C61730057CA9D,
			);
			isa = PBXGroup;
			name = Images;
			refType = 4;
			sourceTree = "<group>";
		};
		D1EB189A084379CE002CEF53 = {
			children = (
				D189803D082411AC007CD286,
				8D1107310486CEB800E47090,
				089C165CFE840E0CC02AAC07,
			);
			isa = PBXGroup;
			name = Other;
			refType = 4;
			sourceTree = "<group>";
		};
		D1EB18AC08437A26002CEF53 = {
			isa = PBXFileReference;
			lastKnownFileType = image.tiff;
			name = AddressBook.tiff;
			path = Resources/Images/AddressBook.tiff;
			refType = 4;
			sourceTree = "<group>";
		};
		D1EB18AD08437A26002CEF53 = {
			fileRef = D1EB18AC08437A26002CEF53;
			isa = PBXBuildFile;
			settings = {
			};
		};
		D1EB18B90843D6B6002CEF53 = {
			isa = PBXFileReference;
			lastKnownFileType = image.tiff;
			name = ZeroConf.tiff;
			path = Resources/Images/ZeroConf.tiff;
			refType = 4;
			sourceTree = "<group>";
		};
		D1EB18BA0843D6B6002CEF53 = {
			fileRef = D1EB18B90843D6B6002CEF53;
			isa = PBXBuildFile;
			settings = {
			};
		};
		D1EB18DF0843D90D002CEF53 = {
			isa = PBXFileReference;
			lastKnownFileType = image.tiff;
			name = DialPad.tiff;
			path = Resources/Images/DialPad.tiff;
			refType = 4;
			sourceTree = "<group>";
		};
		D1EB18E00843D90D002CEF53 = {
			fileRef = D1EB18DF0843D90D002CEF53;
			isa = PBXBuildFile;
			settings = {
			};
		};
		D1EB18E30843DB92002CEF53 = {
			isa = PBXFileReference;
			lastKnownFileType = image.tiff;
			name = TextChat.tiff;
			path = Resources/Images/TextChat.tiff;
			refType = 4;
			sourceTree = "<group>";
		};
		D1EB18E40843DB92002CEF53 = {
			fileRef = D1EB18E30843DB92002CEF53;
			isa = PBXBuildFile;
			settings = {
			};
		};
		D1EB18E90843DCC2002CEF53 = {
			isa = PBXFileReference;
			lastKnownFileType = image.tiff;
			name = Statistics.tiff;
			path = Resources/Images/Statistics.tiff;
			refType = 4;
			sourceTree = "<group>";
		};
		D1EB18EA0843DCC2002CEF53 = {
			fileRef = D1EB18E90843DCC2002CEF53;
			isa = PBXBuildFile;
			settings = {
			};
		};
		D1EB18EF0843DEC9002CEF53 = {
			isa = PBXFileReference;
			lastKnownFileType = image.tiff;
			name = CallHistory.tiff;
			path = Resources/Images/CallHistory.tiff;
			refType = 4;
			sourceTree = "<group>";
		};
		D1EB18F00843DEC9002CEF53 = {
			fileRef = D1EB18EF0843DEC9002CEF53;
			isa = PBXBuildFile;
			settings = {
			};
		};
		D1EB19350843E47F002CEF53 = {
			isa = PBXFileReference;
			lastKnownFileType = image.tiff;
			name = Window.tiff;
			path = Resources/Images/Window.tiff;
			refType = 4;
			sourceTree = "<group>";
		};
		D1EB19360843E47F002CEF53 = {
			fileRef = D1EB19350843E47F002CEF53;
			isa = PBXBuildFile;
			settings = {
			};
		};
		D1ECCBF10833DDAD008EBAE3 = {
			children = (
				D1ECCBF20833DDAD008EBAE3,
			);
			isa = PBXVariantGroup;
			name = TextChatModule.nib;
			path = "";
			refType = 4;
			sourceTree = "<group>";
		};
		D1ECCBF20833DDAD008EBAE3 = {
			isa = PBXFileReference;
			lastKnownFileType = wrapper.nib;
			name = English;
			path = English.lproj/TextChatModule.nib;
			refType = 4;
			sourceTree = "<group>";
		};
		D1ECCBF30833DDAD008EBAE3 = {
			fileRef = D1ECCBF10833DDAD008EBAE3;
			isa = PBXBuildFile;
			settings = {
			};
		};
		D1ECCBF60833DDD5008EBAE3 = {
			fileEncoding = 4;
			isa = PBXFileReference;
			lastKnownFileType = sourcecode.c.h;
			name = XMTextChatModule.h;
			path = Source/GUI/XMTextChatModule.h;
			refType = 4;
			sourceTree = "<group>";
		};
		D1ECCBF70833DDD5008EBAE3 = {
			fileEncoding = 4;
			isa = PBXFileReference;
			lastKnownFileType = sourcecode.c.objc;
			name = XMTextChatModule.m;
			path = Source/GUI/XMTextChatModule.m;
			refType = 4;
			sourceTree = "<group>";
		};
		D1ECCBF80833DDD5008EBAE3 = {
			fileRef = D1ECCBF60833DDD5008EBAE3;
			isa = PBXBuildFile;
			settings = {
			};
		};
		D1ECCBF90833DDD5008EBAE3 = {
			fileRef = D1ECCBF70833DDD5008EBAE3;
			isa = PBXBuildFile;
			settings = {
			};
		};
		D1ECCD0308348C4E008EBAE3 = {
			fileEncoding = 4;
			isa = PBXFileReference;
			lastKnownFileType = sourcecode.c.h;
			name = XMMainWindowModule.h;
			path = Source/GUI/XMMainWindowModule.h;
			refType = 4;
			sourceTree = "<group>";
		};
		D1ECCD0408348C4E008EBAE3 = {
			fileRef = D1ECCD0308348C4E008EBAE3;
			isa = PBXBuildFile;
			settings = {
			};
		};
		D1ECCD160834911C008EBAE3 = {
			children = (
				D1ECCD170834911C008EBAE3,
			);
			isa = PBXVariantGroup;
			name = InCallModule.nib;
			path = "";
			refType = 4;
			sourceTree = "<group>";
		};
		D1ECCD170834911C008EBAE3 = {
			isa = PBXFileReference;
			lastKnownFileType = wrapper.nib;
			name = English;
			path = English.lproj/InCallModule.nib;
			refType = 4;
			sourceTree = "<group>";
		};
		D1ECCD180834911C008EBAE3 = {
			fileRef = D1ECCD160834911C008EBAE3;
			isa = PBXBuildFile;
			settings = {
			};
		};
		D1ECCD2E083491EB008EBAE3 = {
			children = (
				D1ECCD2F083491EB008EBAE3,
			);
			isa = PBXVariantGroup;
			name = NoCallModule.nib;
			path = "";
			refType = 4;
			sourceTree = "<group>";
		};
		D1ECCD2F083491EB008EBAE3 = {
			isa = PBXFileReference;
			lastKnownFileType = wrapper.nib;
			name = English;
			path = English.lproj/NoCallModule.nib;
			refType = 4;
			sourceTree = "<group>";
		};
		D1ECCD30083491EB008EBAE3 = {
			fileRef = D1ECCD2E083491EB008EBAE3;
			isa = PBXBuildFile;
			settings = {
			};
		};
		D1ECCD330834923D008EBAE3 = {
			fileEncoding = 4;
			isa = PBXFileReference;
			lastKnownFileType = sourcecode.c.h;
			name = XMNoCallModule.h;
			path = Source/GUI/XMNoCallModule.h;
			refType = 4;
			sourceTree = "<group>";
		};
		D1ECCD340834923D008EBAE3 = {
			fileEncoding = 4;
			isa = PBXFileReference;
			lastKnownFileType = sourcecode.c.objc;
			name = XMNoCallModule.m;
			path = Source/GUI/XMNoCallModule.m;
			refType = 4;
			sourceTree = "<group>";
		};
		D1ECCD350834923D008EBAE3 = {
			fileRef = D1ECCD330834923D008EBAE3;
			isa = PBXBuildFile;
			settings = {
			};
		};
		D1ECCD360834923D008EBAE3 = {
			fileRef = D1ECCD340834923D008EBAE3;
			isa = PBXBuildFile;
			settings = {
			};
		};
		D1ECCD3908349255008EBAE3 = {
			fileEncoding = 4;
			isa = PBXFileReference;
			lastKnownFileType = sourcecode.c.h;
			name = XMInCallModule.h;
			path = Source/GUI/XMInCallModule.h;
			refType = 4;
			sourceTree = "<group>";
		};
		D1ECCD3A08349255008EBAE3 = {
			fileEncoding = 4;
			isa = PBXFileReference;
			lastKnownFileType = sourcecode.c.objc;
			name = XMInCallModule.m;
			path = Source/GUI/XMInCallModule.m;
			refType = 4;
			sourceTree = "<group>";
		};
		D1ECCD3B08349255008EBAE3 = {
			fileRef = D1ECCD3908349255008EBAE3;
			isa = PBXBuildFile;
			settings = {
			};
		};
		D1ECCD3C08349255008EBAE3 = {
			fileRef = D1ECCD3A08349255008EBAE3;
			isa = PBXBuildFile;
			settings = {
			};
		};
		D1FE29CE07AFF4FB004337C9 = {
			fileEncoding = 4;
			isa = PBXFileReference;
			lastKnownFileType = sourcecode.c.h;
			name = XMPrivate.h;
			path = Source/Framework/XMPrivate.h;
			refType = 4;
			sourceTree = "<group>";
		};
		D1FE29CF07AFF4FB004337C9 = {
			fileRef = D1FE29CE07AFF4FB004337C9;
			isa = PBXBuildFile;
			settings = {
			};
		};
	};
	rootObject = 29B97313FDCFA39411CA2CEA;
}
